
Microsoft Visual Studio Solution File, Format Version 12.00
# Visual Studio Version 16
VisualStudioVersion = 16.0.30907.101
MinimumVisualStudioVersion = 10.0.40219.1
Project("{FAE04EC0-301F-11D3-BF4B-00C04F79EFBC}") = "GW2TPRegression", "GW2TPRegression.csproj", "{FCCDC1DE-78EB-4154-9E34-F29EADD21E6C}"
EndProject
Global
	GlobalSection(SolutionConfigurationPlatforms) = preSolution
		Debug|Any CPU = Debug|Any CPU
		Release|Any CPU = Release|Any CPU
	EndGlobalSection
	GlobalSection(ProjectConfigurationPlatforms) = postSolution
		{FCCDC1DE-78EB-4154-9E34-F29EADD21E6C}.Debug|Any CPU.ActiveCfg = Debug|Any CPU
		{FCCDC1DE-78EB-4154-9E34-F29EADD21E6C}.Debug|Any CPU.Build.0 = Debug|Any CPU
		{FCCDC1DE-78EB-4154-9E34-F29EADD21E6C}.Release|Any CPU.ActiveCfg = Release|Any CPU
		{FCCDC1DE-78EB-4154-9E34-F29EADD21E6C}.Release|Any CPU.Build.0 = Release|Any CPU
	EndGlobalSection
	GlobalSection(SolutionProperties) = preSolution
		HideSolutionNode = FALSE
	EndGlobalSection
	GlobalSection(ExtensibilityGlobals) = postSolution
		SolutionGuid = {3234587C-C105-4376-9C2B-4CD321654C8B}
	EndGlobalSection
EndGlobal
